
Microsoft Visual Studio Solution File, Format Version 12.00
# Visual Studio 15
VisualStudioVersion = 15.0.27703.2018
MinimumVisualStudioVersion = 10.0.40219.1
Project("{FAE04EC0-301F-11D3-BF4B-00C04F79EFBC}") = "receiptLUIS", "receiptLUIS\receiptLUIS.csproj", "{F3416FFD-34F7-43F9-A1BA-F10635C4C77A}"
EndProject
Global
	GlobalSection(SolutionConfigurationPlatforms) = preSolution
		Debug|Any CPU = Debug|Any CPU
		Release|Any CPU = Release|Any CPU
	EndGlobalSection
	GlobalSection(ProjectConfigurationPlatforms) = postSolution
		{F3416FFD-34F7-43F9-A1BA-F10635C4C77A}.Debug|Any CPU.ActiveCfg = Debug|Any CPU
		{F3416FFD-34F7-43F9-A1BA-F10635C4C77A}.Debug|Any CPU.Build.0 = Debug|Any CPU
		{F3416FFD-34F7-43F9-A1BA-F10635C4C77A}.Release|Any CPU.ActiveCfg = Release|Any CPU
		{F3416FFD-34F7-43F9-A1BA-F10635C4C77A}.Release|Any CPU.Build.0 = Release|Any CPU
	EndGlobalSection
	GlobalSection(SolutionProperties) = preSolution
		HideSolutionNode = FALSE
	EndGlobalSection
	GlobalSection(ExtensibilityGlobals) = postSolution
		SolutionGuid = {15E00EAD-49D0-47B4-B76C-8E4D633C2B5A}
	EndGlobalSection
EndGlobal
